engines: {}
modules:
    doze/documentdb:
        default:
            resolved: 0.1.0
            source: doze/documentdb
            hashes:
                aarch64-apple-darwin: sha256:57eade31988bae37994bbb5c57b463957008ba7450f0e5425723d6ed9010f88f
    doze/kvrocks:
        default:
            resolved: 0.1.0
            source: doze/kvrocks
            hashes:
                aarch64-apple-darwin: sha256:52fedc3a3a1951d62ba94b408d5f33ebe8a714be02d32f38551511ea6f500ddb
    doze/postgres:
        default:
            resolved: 0.1.0
            source: doze/postgres
            hashes:
                aarch64-apple-darwin: sha256:290633052c119a0b7bc009bc73a6d0175e5c1ab2b9cfe4e8a08edfe7dc3c5ba2
    doze/s3:
        default:
            resolved: 0.1.0
            source: doze/s3
            hashes:
                aarch64-apple-darwin: sha256:9fccc2c4aaea9680ff73bf36c22d0bac4bb6e5644368b38b12789bfe711e511d
    doze/sns:
        default:
            resolved: 0.1.0
            source: doze/sns
            hashes:
                aarch64-apple-darwin: sha256:cf058f5025e03e1d549ad14688d803d36713bee06f9809a8d4fac68a242e3e81
    doze/sqs:
        default:
            resolved: 0.1.0
            source: doze/sqs
            hashes:
                aarch64-apple-darwin: sha256:14dc14d72d24237ea22e74783783960c5dac2fe9690ea076f0430e6fc1968e7b
    doze/valkey:
        default:
            resolved: 0.1.0
            source: doze/valkey
            hashes:
                aarch64-apple-darwin: sha256:2bbafce9c545832c1802f0cb9f72ac466d570f7a51e708e1f8d1a45e9f8cb5b3
keys:
    doze: Nu5y8mbjYv7XEtNFBXwPVl+C8SBteVApIROefBwGWjw=
